
Microsoft Visual Studio Solution File, Format Version 12.00
# Visual Studio Version 17
VisualStudioVersion = 17.5.002.0
MinimumVisualStudioVersion = 10.0.40219.1
Project("{9A19103F-16F7-4668-BE54-9A1E7A4F7556}") = "Lab15_Ex01", "Lab15_Ex01\Lab15_Ex01.csproj", "{035C1A18-0AAF-4E89-8A8C-AE073ECFAB91}"
EndProject
Project("{9A19103F-16F7-4668-BE54-9A1E7A4F7556}") = "Lab15_Ex02", "Lab15_Ex02\Lab15_Ex02.csproj", "{2D426AC7-E38D-4D25-B79F-D1A19622BEEE}"
EndProject
Project("{9A19103F-16F7-4668-BE54-9A1E7A4F7556}") = "Lab15_Ex03", "Lab15_Ex03\Lab15_Ex03.csproj", "{F9B9A12A-B90A-4BA1-BB40-4C507CEC0C02}"
EndProject
Project("{9A19103F-16F7-4668-BE54-9A1E7A4F7556}") = "Lab15_Ex04", "Lab15_Ex04\Lab15_Ex04.csproj", "{06AB1EB9-2B25-42E1-81E9-CA49914154B4}"
EndProject
Project("{9A19103F-16F7-4668-BE54-9A1E7A4F7556}") = "Lab15_Ex05", "Lab15_Ex05\Lab15_Ex05.csproj", "{821D275C-9A73-4FCE-8230-53AE2457740F}"
EndProject
Project("{9A19103F-16F7-4668-BE54-9A1E7A4F7556}") = "Lab15_Ex06", "Lab15_Ex06\Lab15_Ex06.csproj", "{B205B71D-B282-42C0-9B97-105D811709B7}"
EndProject
Project("{9A19103F-16F7-4668-BE54-9A1E7A4F7556}") = "Lab15_Ex07", "Lab15_Ex07\Lab15_Ex07.csproj", "{0EA6ED5C-36B0-4043-A290-D6909731CA3C}"
EndProject
Project("{9A19103F-16F7-4668-BE54-9A1E7A4F7556}") = "Lab15_Ex08", "Lab15_Ex08\Lab15_Ex08.csproj", "{A9DFAF1B-06A7-4FB0-AFB2-4419841B90D8}"
EndProject
Project("{9A19103F-16F7-4668-BE54-9A1E7A4F7556}") = "Lab15_Ex09", "Lab15_Ex09\Lab15_Ex09.csproj", "{7BE7F346-0AD7-4104-91DB-2BBF7532390F}"
EndProject
Project("{9A19103F-16F7-4668-BE54-9A1E7A4F7556}") = "Lab15_Ex10", "Lab15_Ex10\Lab15_Ex10.csproj", "{3AD13485-88B3-4634-A42F-6D33203DA33A}"
EndProject
Global
	GlobalSection(SolutionConfigurationPlatforms) = preSolution
		Debug|Any CPU = Debug|Any CPU
		Release|Any CPU = Release|Any CPU
	EndGlobalSection
	GlobalSection(ProjectConfigurationPlatforms) = postSolution
		{035C1A18-0AAF-4E89-8A8C-AE073ECFAB91}.Debug|Any CPU.ActiveCfg = Debug|Any CPU
		{035C1A18-0AAF-4E89-8A8C-AE073ECFAB91}.Debug|Any CPU.Build.0 = Debug|Any CPU
		{035C1A18-0AAF-4E89-8A8C-AE073ECFAB91}.Release|Any CPU.ActiveCfg = Release|Any CPU
		{035C1A18-0AAF-4E89-8A8C-AE073ECFAB91}.Release|Any CPU.Build.0 = Release|Any CPU
		{2D426AC7-E38D-4D25-B79F-D1A19622BEEE}.Debug|Any CPU.ActiveCfg = Debug|Any CPU
		{2D426AC7-E38D-4D25-B79F-D1A19622BEEE}.Debug|Any CPU.Build.0 = Debug|Any CPU
		{2D426AC7-E38D-4D25-B79F-D1A19622BEEE}.Release|Any CPU.ActiveCfg = Release|Any CPU
		{2D426AC7-E38D-4D25-B79F-D1A19622BEEE}.Release|Any CPU.Build.0 = Release|Any CPU
		{F9B9A12A-B90A-4BA1-BB40-4C507CEC0C02}.Debug|Any CPU.ActiveCfg = Debug|Any CPU
		{F9B9A12A-B90A-4BA1-BB40-4C507CEC0C02}.Debug|Any CPU.Build.0 = Debug|Any CPU
		{F9B9A12A-B90A-4BA1-BB40-4C507CEC0C02}.Release|Any CPU.ActiveCfg = Release|Any CPU
		{F9B9A12A-B90A-4BA1-BB40-4C507CEC0C02}.Release|Any CPU.Build.0 = Release|Any CPU
		{06AB1EB9-2B25-42E1-81E9-CA49914154B4}.Debug|Any CPU.ActiveCfg = Debug|Any CPU
		{06AB1EB9-2B25-42E1-81E9-CA49914154B4}.Debug|Any CPU.Build.0 = Debug|Any CPU
		{06AB1EB9-2B25-42E1-81E9-CA49914154B4}.Release|Any CPU.ActiveCfg = Release|Any CPU
		{06AB1EB9-2B25-42E1-81E9-CA49914154B4}.Release|Any CPU.Build.0 = Release|Any CPU
		{821D275C-9A73-4FCE-8230-53AE2457740F}.Debug|Any CPU.ActiveCfg = Debug|Any CPU
		{821D275C-9A73-4FCE-8230-53AE2457740F}.Debug|Any CPU.Build.0 = Debug|Any CPU
		{821D275C-9A73-4FCE-8230-53AE2457740F}.Release|Any CPU.ActiveCfg = Release|Any CPU
		{821D275C-9A73-4FCE-8230-53AE2457740F}.Release|Any CPU.Build.0 = Release|Any CPU
		{B205B71D-B282-42C0-9B97-105D811709B7}.Debug|Any CPU.ActiveCfg = Debug|Any CPU
		{B205B71D-B282-42C0-9B97-105D811709B7}.Debug|Any CPU.Build.0 = Debug|Any CPU
		{B205B71D-B282-42C0-9B97-105D811709B7}.Release|Any CPU.ActiveCfg = Release|Any CPU
		{B205B71D-B282-42C0-9B97-105D811709B7}.Release|Any CPU.Build.0 = Release|Any CPU
		{0EA6ED5C-36B0-4043-A290-D6909731CA3C}.Debug|Any CPU.ActiveCfg = Debug|Any CPU
		{0EA6ED5C-36B0-4043-A290-D6909731CA3C}.Debug|Any CPU.Build.0 = Debug|Any CPU
		{0EA6ED5C-36B0-4043-A290-D6909731CA3C}.Release|Any CPU.ActiveCfg = Release|Any CPU
		{0EA6ED5C-36B0-4043-A290-D6909731CA3C}.Release|Any CPU.Build.0 = Release|Any CPU
		{A9DFAF1B-06A7-4FB0-AFB2-4419841B90D8}.Debug|Any CPU.ActiveCfg = Debug|Any CPU
		{A9DFAF1B-06A7-4FB0-AFB2-4419841B90D8}.Debug|Any CPU.Build.0 = Debug|Any CPU
		{A9DFAF1B-06A7-4FB0-AFB2-4419841B90D8}.Release|Any CPU.ActiveCfg = Release|Any CPU
		{A9DFAF1B-06A7-4FB0-AFB2-4419841B90D8}.Release|Any CPU.Build.0 = Release|Any CPU
		{7BE7F346-0AD7-4104-91DB-2BBF7532390F}.Debug|Any CPU.ActiveCfg = Debug|Any CPU
		{7BE7F346-0AD7-4104-91DB-2BBF7532390F}.Debug|Any CPU.Build.0 = Debug|Any CPU
		{7BE7F346-0AD7-4104-91DB-2BBF7532390F}.Release|Any CPU.ActiveCfg = Release|Any CPU
		{7BE7F346-0AD7-4104-91DB-2BBF7532390F}.Release|Any CPU.Build.0 = Release|Any CPU
		{3AD13485-88B3-4634-A42F-6D33203DA33A}.Debug|Any CPU.ActiveCfg = Debug|Any CPU
		{3AD13485-88B3-4634-A42F-6D33203DA33A}.Debug|Any CPU.Build.0 = Debug|Any CPU
		{3AD13485-88B3-4634-A42F-6D33203DA33A}.Release|Any CPU.ActiveCfg = Release|Any CPU
		{3AD13485-88B3-4634-A42F-6D33203DA33A}.Release|Any CPU.Build.0 = Release|Any CPU
	EndGlobalSection
	GlobalSection(SolutionProperties) = preSolution
		HideSolutionNode = FALSE
	EndGlobalSection
	GlobalSection(ExtensibilityGlobals) = postSolution
		SolutionGuid = {33F18C78-8F19-43AF-991E-EE0CFC2DF403}
	EndGlobalSection
EndGlobal
